// !$*UTF8*$!
{
	archiveVersion = 1;
	classes = {
	};
	objectVersion = 52;
	objects = {

/* Begin PBXBuildFile section */
		03FEB05F6C44CD26EAC8257B /* Todo+Schema.swift in Sources */ = {isa = PBXBuildFile; fileRef = 52562D55C92FE7EA69211E4A /* Todo+Schema.swift */; };
		580B591D26DBBF8A000AB932 /* Amplify in Frameworks */ = {isa = PBXBuildFile; productRef = 580B591C26DBBF8A000AB932 /* Amplify */; };
		580B591F26DBBF8A000AB932 /* AWSAPIPlugin in Frameworks */ = {isa = PBXBuildFile; productRef = 580B591E26DBBF8A000AB932 /* AWSAPIPlugin */; };
		580B592126DBBF8A000AB932 /* AWSDataStorePlugin in Frameworks */ = {isa = PBXBuildFile; productRef = 580B592026DBBF8A000AB932 /* AWSDataStorePlugin */; };
		580B592926DC0DC8000AB932 /* TodoListDetailView.swift in Sources */ = {isa = PBXBuildFile; fileRef = 580B592826DC0DC8000AB932 /* TodoListDetailView.swift */; };
		587CC30626D98AB400639E23 /* TodoApp.swift in Sources */ = {isa = PBXBuildFile; fileRef = 587CC30526D98AB400639E23 /* TodoApp.swift */; };
		587CC30826D98AB400639E23 /* TodoListView.swift in Sources */ = {isa = PBXBuildFile; fileRef = 587CC30726D98AB400639E23 /* TodoListView.swift */; };
		587CC30A26D98AB600639E23 /* Assets.xcassets in Resources */ = {isa = PBXBuildFile; fileRef = 587CC30926D98AB600639E23 /* Assets.xcassets */; };
		587CC30D26D98AB600639E23 /* Preview Assets.xcassets in Resources */ = {isa = PBXBuildFile; fileRef = 587CC30C26D98AB600639E23 /* Preview Assets.xcassets */; };
		587CC31C26D991C900639E23 /* AWSAmpPublisher.swift in Sources */ = {isa = PBXBuildFile; fileRef = 587CC31B26D991C900639E23 /* AWSAmpPublisher.swift */; };
		587CC31E26D9954B00639E23 /* TodoListViewModel.swift in Sources */ = {isa = PBXBuildFile; fileRef = 587CC31D26D9954B00639E23 /* TodoListViewModel.swift */; };
		B01F2D3692084EA09BE76EEF /* AmplifyModels.swift in Sources */ = {isa = PBXBuildFile; fileRef = CE57C1016216F800136C416E /* AmplifyModels.swift */; };
		DF5CC7A02F9782DD428F69D3 /* Priority.swift in Sources */ = {isa = PBXBuildFile; fileRef = 5E70E03DA5170012A5633C6B /* Priority.swift */; };
		F84C96058A65383B3012D640 /* Todo.swift in Sources */ = {isa = PBXBuildFile; fileRef = E0B91705BC3AF072A8F973DF /* Todo.swift */; };
		FD6BAABE3B974B3E3CD1B4C0 /* amplifyconfiguration.json in Resources */ = {isa = PBXBuildFile; fileRef = 3A783B0590614EF7D39BA591 /* amplifyconfiguration.json */; };
		FF48C43AEAFB8C1BB7559FB2 /* awsconfiguration.json in Resources */ = {isa = PBXBuildFile; fileRef = 7B58E9C1D8B278510ED9EAEF /* awsconfiguration.json */; };
/* End PBXBuildFile section */

/* Begin PBXFileReference section */
		3A783B0590614EF7D39BA591 /* amplifyconfiguration.json */ = {isa = PBXFileReference; explicitFileType = text.json; path = amplifyconfiguration.json; sourceTree = "<group>"; };
		52562D55C92FE7EA69211E4A /* Todo+Schema.swift */ = {isa = PBXFileReference; explicitFileType = sourcecode.swift; name = "Todo+Schema.swift"; path = "amplify/generated/models/Todo+Schema.swift"; sourceTree = "<group>"; };
		580B592826DC0DC8000AB932 /* TodoListDetailView.swift */ = {isa = PBXFileReference; lastKnownFileType = sourcecode.swift; path = TodoListDetailView.swift; sourceTree = "<group>"; };
		587CC30226D98AB400639E23 /* Todo.app */ = {isa = PBXFileReference; explicitFileType = wrapper.application; includeInIndex = 0; path = Todo.app; sourceTree = BUILT_PRODUCTS_DIR; };
		587CC30526D98AB400639E23 /* TodoApp.swift */ = {isa = PBXFileReference; lastKnownFileType = sourcecode.swift; path = TodoApp.swift; sourceTree = "<group>"; };
		587CC30726D98AB400639E23 /* TodoListView.swift */ = {isa = PBXFileReference; lastKnownFileType = sourcecode.swift; path = TodoListView.swift; sourceTree = "<group>"; };
		587CC30926D98AB600639E23 /* Assets.xcassets */ = {isa = PBXFileReference; lastKnownFileType = folder.assetcatalog; path = Assets.xcassets; sourceTree = "<group>"; };
		587CC30C26D98AB600639E23 /* Preview Assets.xcassets */ = {isa = PBXFileReference; lastKnownFileType = folder.assetcatalog; path = "Preview Assets.xcassets"; sourceTree = "<group>"; };
		587CC30E26D98AB600639E23 /* Info.plist */ = {isa = PBXFileReference; lastKnownFileType = text.plist.xml; path = Info.plist; sourceTree = "<group>"; };
		587CC31B26D991C900639E23 /* AWSAmpPublisher.swift */ = {isa = PBXFileReference; lastKnownFileType = sourcecode.swift; path = AWSAmpPublisher.swift; sourceTree = "<group>"; };
		587CC31D26D9954B00639E23 /* TodoListViewModel.swift */ = {isa = PBXFileReference; lastKnownFileType = sourcecode.swift; path = TodoListViewModel.swift; sourceTree = "<group>"; };
		5E70E03DA5170012A5633C6B /* Priority.swift */ = {isa = PBXFileReference; explicitFileType = sourcecode.swift; name = Priority.swift; path = amplify/generated/models/Priority.swift; sourceTree = "<group>"; };
		7B58E9C1D8B278510ED9EAEF /* awsconfiguration.json */ = {isa = PBXFileReference; explicitFileType = text.json; path = awsconfiguration.json; sourceTree = "<group>"; };
		CE57C1016216F800136C416E /* AmplifyModels.swift */ = {isa = PBXFileReference; explicitFileType = sourcecode.swift; name = AmplifyModels.swift; path = amplify/generated/models/AmplifyModels.swift; sourceTree = "<group>"; };
		E0B91705BC3AF072A8F973DF /* Todo.swift */ = {isa = PBXFileReference; explicitFileType = sourcecode.swift; name = Todo.swift; path = amplify/generated/models/Todo.swift; sourceTree = "<group>"; };
/* End PBXFileReference section */

/* Begin PBXFrameworksBuildPhase section */
		587CC2FF26D98AB400639E23 /* Frameworks */ = {
			isa = PBXFrameworksBuildPhase;
			buildActionMask = 2147483647;
			files = (
				580B592126DBBF8A000AB932 /* AWSDataStorePlugin in Frameworks */,
				580B591F26DBBF8A000AB932 /* AWSAPIPlugin in Frameworks */,
				580B591D26DBBF8A000AB932 /* Amplify in Frameworks */,
			);
			runOnlyForDeploymentPostprocessing = 0;
		};
/* End PBXFrameworksBuildPhase section */

/* Begin PBXGroup section */
		580B58EE26DAE660000AB932 /* TodoList */ = {
			isa = PBXGroup;
			children = (
				587CC30726D98AB400639E23 /* TodoListView.swift */,
				587CC31D26D9954B00639E23 /* TodoListViewModel.swift */,
				580B592826DC0DC8000AB932 /* TodoListDetailView.swift */,
			);
			path = TodoList;
			sourceTree = "<group>";
		};
		580B58EF26DAE727000AB932 /* Publishers */ = {
			isa = PBXGroup;
			children = (
				587CC31B26D991C900639E23 /* AWSAmpPublisher.swift */,
			);
			path = Publishers;
			sourceTree = "<group>";
		};
		580B591B26DBBF8A000AB932 /* Frameworks */ = {
			isa = PBXGroup;
			children = (
			);
			name = Frameworks;
			sourceTree = "<group>";
		};
		587CC2F926D98AB400639E23 = {
			isa = PBXGroup;
			children = (
				587CC30426D98AB400639E23 /* Todo */,
				587CC30326D98AB400639E23 /* Products */,
				AA7B43683E79DB7EC2FCB61E /* AmplifyModels */,
				F65476D26695C4A630EFBE30 /* AmplifyConfig */,
				580B591B26DBBF8A000AB932 /* Frameworks */,
			);
			sourceTree = "<group>";
		};
		587CC30326D98AB400639E23 /* Products */ = {
			isa = PBXGroup;
			children = (
				587CC30226D98AB400639E23 /* Todo.app */,
			);
			name = Products;
			sourceTree = "<group>";
		};
		587CC30426D98AB400639E23 /* Todo */ = {
			isa = PBXGroup;
			children = (
				580B58EE26DAE660000AB932 /* TodoList */,
				580B58EF26DAE727000AB932 /* Publishers */,
				587CC30526D98AB400639E23 /* TodoApp.swift */,
				587CC30926D98AB600639E23 /* Assets.xcassets */,
				587CC30E26D98AB600639E23 /* Info.plist */,
				587CC30B26D98AB600639E23 /* Preview Content */,
			);
			path = Todo;
			sourceTree = "<group>";
		};
		587CC30B26D98AB600639E23 /* Preview Content */ = {
			isa = PBXGroup;
			children = (
				587CC30C26D98AB600639E23 /* Preview Assets.xcassets */,
			);
			path = "Preview Content";
			sourceTree = "<group>";
		};
		AA7B43683E79DB7EC2FCB61E /* AmplifyModels */ = {
			isa = PBXGroup;
			children = (
				CE57C1016216F800136C416E /* AmplifyModels.swift */,
				5E70E03DA5170012A5633C6B /* Priority.swift */,
				52562D55C92FE7EA69211E4A /* Todo+Schema.swift */,
				E0B91705BC3AF072A8F973DF /* Todo.swift */,
			);
			name = AmplifyModels;
			sourceTree = "<group>";
		};
		F65476D26695C4A630EFBE30 /* AmplifyConfig */ = {
			isa = PBXGroup;
			children = (
				7B58E9C1D8B278510ED9EAEF /* awsconfiguration.json */,
				3A783B0590614EF7D39BA591 /* amplifyconfiguration.json */,
			);
			name = AmplifyConfig;
			sourceTree = "<group>";
		};
/* End PBXGroup section */

/* Begin PBXNativeTarget section */
		587CC30126D98AB400639E23 /* Todo */ = {
			isa = PBXNativeTarget;
			buildConfigurationList = 587CC31126D98AB600639E23 /* Build configuration list for PBXNativeTarget "Todo" */;
			buildPhases = (
				587CC2FE26D98AB400639E23 /* Sources */,
				587CC2FF26D98AB400639E23 /* Frameworks */,
				587CC30026D98AB400639E23 /* Resources */,
			);
			buildRules = (
			);
			dependencies = (
			);
			name = Todo;
			packageProductDependencies = (
				580B591C26DBBF8A000AB932 /* Amplify */,
				580B591E26DBBF8A000AB932 /* AWSAPIPlugin */,
				580B592026DBBF8A000AB932 /* AWSDataStorePlugin */,
			);
			productName = Todo;
			productReference = 587CC30226D98AB400639E23 /* Todo.app */;
			productType = "com.apple.product-type.application";
		};
/* End PBXNativeTarget section */

/* Begin PBXProject section */
		587CC2FA26D98AB400639E23 /* Project object */ = {
			isa = PBXProject;
			attributes = {
				LastSwiftUpdateCheck = 1250;
				LastUpgradeCheck = 1250;
				TargetAttributes = {
					587CC30126D98AB400639E23 = {
						CreatedOnToolsVersion = 12.5.1;
					};
				};
			};
			buildConfigurationList = 587CC2FD26D98AB400639E23 /* Build configuration list for PBXProject "Todo" */;
			compatibilityVersion = "Xcode 9.3";
			developmentRegion = en;
			hasScannedForEncodings = 0;
			knownRegions = (
				en,
				Base,
			);
			mainGroup = 587CC2F926D98AB400639E23;
			packageReferences = (
				587CC31426D98BF600639E23 /* XCRemoteSwiftPackageReference "amplify-ios" */,
			);
			productRefGroup = 587CC30326D98AB400639E23 /* Products */;
			projectDirPath = "";
			projectRoot = "";
			targets = (
				587CC30126D98AB400639E23 /* Todo */,
			);
		};
/* End PBXProject section */

/* Begin PBXResourcesBuildPhase section */
		587CC30026D98AB400639E23 /* Resources */ = {
			isa = PBXResourcesBuildPhase;
			buildActionMask = 2147483647;
			files = (
				587CC30D26D98AB600639E23 /* Preview Assets.xcassets in Resources */,
				587CC30A26D98AB600639E23 /* Assets.xcassets in Resources */,
				FF48C43AEAFB8C1BB7559FB2 /* awsconfiguration.json in Resources */,
				FD6BAABE3B974B3E3CD1B4C0 /* amplifyconfiguration.json in Resources */,
			);
			runOnlyForDeploymentPostprocessing = 0;
		};
/* End PBXResourcesBuildPhase section */

/* Begin PBXSourcesBuildPhase section */
		587CC2FE26D98AB400639E23 /* Sources */ = {
			isa = PBXSourcesBuildPhase;
			buildActionMask = 2147483647;
			files = (
				587CC31E26D9954B00639E23 /* TodoListViewModel.swift in Sources */,
				587CC30826D98AB400639E23 /* TodoListView.swift in Sources */,
				587CC30626D98AB400639E23 /* TodoApp.swift in Sources */,
				B01F2D3692084EA09BE76EEF /* AmplifyModels.swift in Sources */,
				587CC31C26D991C900639E23 /* AWSAmpPublisher.swift in Sources */,
				DF5CC7A02F9782DD428F69D3 /* Priority.swift in Sources */,
				580B592926DC0DC8000AB932 /* TodoListDetailView.swift in Sources */,
				03FEB05F6C44CD26EAC8257B /* Todo+Schema.swift in Sources */,
				F84C96058A65383B3012D640 /* Todo.swift in Sources */,
			);
			runOnlyForDeploymentPostprocessing = 0;
		};
/* End PBXSourcesBuildPhase section */

/* Begin XCBuildConfiguration section */
		587CC30F26D98AB600639E23 /* Debug */ = {
			isa = XCBuildConfiguration;
			buildSettings = {
				ALWAYS_SEARCH_USER_PATHS = NO;
				CLANG_ANALYZER_NONNULL = YES;
				CLANG_ANALYZER_NUMBER_OBJECT_CONVERSION = YES_AGGRESSIVE;
				CLANG_CXX_LANGUAGE_STANDARD = "gnu++14";
				CLANG_CXX_LIBRARY = "libc++";
				CLANG_ENABLE_MODULES = YES;
				CLANG_ENABLE_OBJC_ARC = YES;
				CLANG_ENABLE_OBJC_WEAK = YES;
				CLANG_WARN_BLOCK_CAPTURE_AUTORELEASING = YES;
				CLANG_WARN_BOOL_CONVERSION = YES;
				CLANG_WARN_COMMA = YES;
				CLANG_WARN_CONSTANT_CONVERSION = YES;
				CLANG_WARN_DEPRECATED_OBJC_IMPLEMENTATIONS = YES;
				CLANG_WARN_DIRECT_OBJC_ISA_USAGE = YES_ERROR;
				CLANG_WARN_DOCUMENTATION_COMMENTS = YES;
				CLANG_WARN_EMPTY_BODY = YES;
				CLANG_WARN_ENUM_CONVERSION = YES;
				CLANG_WARN_INFINITE_RECURSION = YES;
				CLANG_WARN_INT_CONVERSION = YES;
				CLANG_WARN_NON_LITERAL_NULL_CONVERSION = YES;
				CLANG_WARN_OBJC_IMPLICIT_RETAIN_SELF = YES;
				CLANG_WARN_OBJC_LITERAL_CONVERSION = YES;
				CLANG_WARN_OBJC_ROOT_CLASS = YES_ERROR;
				CLANG_WARN_QUOTED_INCLUDE_IN_FRAMEWORK_HEADER = YES;
				CLANG_WARN_RANGE_LOOP_ANALYSIS = YES;
				CLANG_WARN_STRICT_PROTOTYPES = YES;
				CLANG_WARN_SUSPICIOUS_MOVE = YES;
				CLANG_WARN_UNGUARDED_AVAILABILITY = YES_AGGRESSIVE;
				CLANG_WARN_UNREACHABLE_CODE = YES;
				CLANG_WARN__DUPLICATE_METHOD_MATCH = YES;
				COPY_PHASE_STRIP = NO;
				DEBUG_INFORMATION_FORMAT = dwarf;
				ENABLE_STRICT_OBJC_MSGSEND = YES;
				ENABLE_TESTABILITY = YES;
				GCC_C_LANGUAGE_STANDARD = gnu11;
				GCC_DYNAMIC_NO_PIC = NO;
				GCC_NO_COMMON_BLOCKS = YES;
				GCC_OPTIMIZATION_LEVEL = 0;
				GCC_PREPROCESSOR_DEFINITIONS = (
					"DEBUG=1",
					"$(inherited)",
				);
				GCC_WARN_64_TO_32_BIT_CONVERSION = YES;
				GCC_WARN_ABOUT_RETURN_TYPE = YES_ERROR;
				GCC_WARN_UNDECLARED_SELECTOR = YES;
				GCC_WARN_UNINITIALIZED_AUTOS = YES_AGGRESSIVE;
				GCC_WARN_UNUSED_FUNCTION = YES;
				GCC_WARN_UNUSED_VARIABLE = YES;
				IPHONEOS_DEPLOYMENT_TARGET = 14.5;
				MTL_ENABLE_DEBUG_INFO = INCLUDE_SOURCE;
				MTL_FAST_MATH = YES;
				ONLY_ACTIVE_ARCH = YES;
				SDKROOT = iphoneos;
				SWIFT_ACTIVE_COMPILATION_CONDITIONS = DEBUG;
				SWIFT_OPTIMIZATION_LEVEL = "-Onone";
			};
			name = Debug;
		};
		587CC31026D98AB600639E23 /* Release */ = {
			isa = XCBuildConfiguration;
			buildSettings = {
				ALWAYS_SEARCH_USER_PATHS = NO;
				CLANG_ANALYZER_NONNULL = YES;
				CLANG_ANALYZER_NUMBER_OBJECT_CONVERSION = YES_AGGRESSIVE;
				CLANG_CXX_LANGUAGE_STANDARD = "gnu++14";
				CLANG_CXX_LIBRARY = "libc++";
				CLANG_ENABLE_MODULES = YES;
				CLANG_ENABLE_OBJC_ARC = YES;
				CLANG_ENABLE_OBJC_WEAK = YES;
				CLANG_WARN_BLOCK_CAPTURE_AUTORELEASING = YES;
				CLANG_WARN_BOOL_CONVERSION = YES;
				CLANG_WARN_COMMA = YES;
				CLANG_WARN_CONSTANT_CONVERSION = YES;
				CLANG_WARN_DEPRECATED_OBJC_IMPLEMENTATIONS = YES;
				CLANG_WARN_DIRECT_OBJC_ISA_USAGE = YES_ERROR;
				CLANG_WARN_DOCUMENTATION_COMMENTS = YES;
				CLANG_WARN_EMPTY_BODY = YES;
				CLANG_WARN_ENUM_CONVERSION = YES;
				CLANG_WARN_INFINITE_RECURSION = YES;
				CLANG_WARN_INT_CONVERSION = YES;
				CLANG_WARN_NON_LITERAL_NULL_CONVERSION = YES;
				CLANG_WARN_OBJC_IMPLICIT_RETAIN_SELF = YES;
				CLANG_WARN_OBJC_LITERAL_CONVERSION = YES;
				CLANG_WARN_OBJC_ROOT_CLASS = YES_ERROR;
				CLANG_WARN_QUOTED_INCLUDE_IN_FRAMEWORK_HEADER = YES;
				CLANG_WARN_RANGE_LOOP_ANALYSIS = YES;
				CLANG_WARN_STRICT_PROTOTYPES = YES;
				CLANG_WARN_SUSPICIOUS_MOVE = YES;
				CLANG_WARN_UNGUARDED_AVAILABILITY = YES_AGGRESSIVE;
				CLANG_WARN_UNREACHABLE_CODE = YES;
				CLANG_WARN__DUPLICATE_METHOD_MATCH = YES;
				COPY_PHASE_STRIP = NO;
				DEBUG_INFORMATION_FORMAT = "dwarf-with-dsym";
				ENABLE_NS_ASSERTIONS = NO;
				ENABLE_STRICT_OBJC_MSGSEND = YES;
				GCC_C_LANGUAGE_STANDARD = gnu11;
				GCC_NO_COMMON_BLOCKS = YES;
				GCC_WARN_64_TO_32_BIT_CONVERSION = YES;
				GCC_WARN_ABOUT_RETURN_TYPE = YES_ERROR;
				GCC_WARN_UNDECLARED_SELECTOR = YES;
				GCC_WARN_UNINITIALIZED_AUTOS = YES_AGGRESSIVE;
				GCC_WARN_UNUSED_FUNCTION = YES;
				GCC_WARN_UNUSED_VARIABLE = YES;
				IPHONEOS_DEPLOYMENT_TARGET = 14.5;
				MTL_ENABLE_DEBUG_INFO = NO;
				MTL_FAST_MATH = YES;
				SDKROOT = iphoneos;
				SWIFT_COMPILATION_MODE = wholemodule;
				SWIFT_OPTIMIZATION_LEVEL = "-O";
				VALIDATE_PRODUCT = YES;
			};
			name = Release;
		};
		587CC31226D98AB600639E23 /* Debug */ = {
			isa = XCBuildConfiguration;
			buildSettings = {
				ASSETCATALOG_COMPILER_APPICON_NAME = AppIcon;
				ASSETCATALOG_COMPILER_GLOBAL_ACCENT_COLOR_NAME = AccentColor;
				CODE_SIGN_STYLE = Automatic;
				DEVELOPMENT_ASSET_PATHS = "\"Todo/Preview Content\"";
				DEVELOPMENT_TEAM = M2G8475H22;
				ENABLE_PREVIEWS = YES;
				INFOPLIST_FILE = Todo/Info.plist;
				IPHONEOS_DEPLOYMENT_TARGET = 14.0;
				LD_RUNPATH_SEARCH_PATHS = (
					"$(inherited)",
					"@executable_path/Frameworks",
				);
				PRODUCT_BUNDLE_IDENTIFIER = israelptdasilva.Todo;
				PRODUCT_NAME = "$(TARGET_NAME)";
				SWIFT_VERSION = 5.0;
				TARGETED_DEVICE_FAMILY = "1,2";
			};
			name = Debug;
		};
		587CC31326D98AB600639E23 /* Release */ = {
			isa = XCBuildConfiguration;
			buildSettings = {
				ASSETCATALOG_COMPILER_APPICON_NAME = AppIcon;
				ASSETCATALOG_COMPILER_GLOBAL_ACCENT_COLOR_NAME = AccentColor;
				CODE_SIGN_STYLE = Automatic;
				DEVELOPMENT_ASSET_PATHS = "\"Todo/Preview Content\"";
				DEVELOPMENT_TEAM = M2G8475H22;
				ENABLE_PREVIEWS = YES;
				INFOPLIST_FILE = Todo/Info.plist;
				IPHONEOS_DEPLOYMENT_TARGET = 14.0;
				LD_RUNPATH_SEARCH_PATHS = (
					"$(inherited)",
					"@executable_path/Frameworks",
				);
				PRODUCT_BUNDLE_IDENTIFIER = israelptdasilva.Todo;
				PRODUCT_NAME = "$(TARGET_NAME)";
				SWIFT_VERSION = 5.0;
				TARGETED_DEVICE_FAMILY = "1,2";
			};
			name = Release;
		};
/* End XCBuildConfiguration section */

/* Begin XCConfigurationList section */
		587CC2FD26D98AB400639E23 /* Build configuration list for PBXProject "Todo" */ = {
			isa = XCConfigurationList;
			buildConfigurations = (
				587CC30F26D98AB600639E23 /* Debug */,
				587CC31026D98AB600639E23 /* Release */,
			);
			defaultConfigurationIsVisible = 0;
			defaultConfigurationName = Release;
		};
		587CC31126D98AB600639E23 /* Build configuration list for PBXNativeTarget "Todo" */ = {
			isa = XCConfigurationList;
			buildConfigurations = (
				587CC31226D98AB600639E23 /* Debug */,
				587CC31326D98AB600639E23 /* Release */,
			);
			defaultConfigurationIsVisible = 0;
			defaultConfigurationName = Release;
		};
/* End XCConfigurationList section */

/* Begin XCRemoteSwiftPackageReference section */
		587CC31426D98BF600639E23 /* XCRemoteSwiftPackageReference "amplify-ios" */ = {
			isa = XCRemoteSwiftPackageReference;
			repositoryURL = "https://github.com/aws-amplify/amplify-ios";
			requirement = {
				kind = upToNextMajorVersion;
				minimumVersion = 1.13.4;
			};
		};
/* End XCRemoteSwiftPackageReference section */

/* Begin XCSwiftPackageProductDependency section */
		580B591C26DBBF8A000AB932 /* Amplify */ = {
			isa = XCSwiftPackageProductDependency;
			package = 587CC31426D98BF600639E23 /* XCRemoteSwiftPackageReference "amplify-ios" */;
			productName = Amplify;
		};
		580B591E26DBBF8A000AB932 /* AWSAPIPlugin */ = {
			isa = XCSwiftPackageProductDependency;
			package = 587CC31426D98BF600639E23 /* XCRemoteSwiftPackageReference "amplify-ios" */;
			productName = AWSAPIPlugin;
		};
		580B592026DBBF8A000AB932 /* AWSDataStorePlugin */ = {
			isa = XCSwiftPackageProductDependency;
			package = 587CC31426D98BF600639E23 /* XCRemoteSwiftPackageReference "amplify-ios" */;
			productName = AWSDataStorePlugin;
		};
/* End XCSwiftPackageProductDependency section */
	};
	rootObject = 587CC2FA26D98AB400639E23 /* Project object */;
}
